
Microsoft Visual Studio Solution File, Format Version 12.00
# Visual Studio 2012
Project("{FAE04EC0-301F-11D3-BF4B-00C04F79EFBC}") = "ToguisWebServices", "ToguisWebServices\ToguisWebServices.csproj", "{46C8C269-9B2D-444E-AA0C-3E33AC0202BB}"
EndProject
Project("{FAE04EC0-301F-11D3-BF4B-00C04F79EFBC}") = "ToguisEntities", "ToguisEntities\ToguisEntities.csproj", "{FE677E8B-B8F1-4A92-9EE7-7F31A0F60E5D}"
EndProject
Project("{FAE04EC0-301F-11D3-BF4B-00C04F79EFBC}") = "ToguisController", "ToguisController\ToguisController.csproj", "{21DB6215-6D3E-4FF8-8F00-FA7A9E3ABA06}"
EndProject
Project("{FAE04EC0-301F-11D3-BF4B-00C04F79EFBC}") = "ToguisWeb", "ToguisWeb\ToguisWeb.csproj", "{379DC233-735A-4E53-9E77-4D1943BDC109}"
EndProject
Project("{FAE04EC0-301F-11D3-BF4B-00C04F79EFBC}") = "ToguisViewTester", "ToguisViewTester\ToguisViewTester.csproj", "{B3CF2DC6-5BF7-42FE-8A3A-53D719E1A881}"
EndProject
Project("{F088123C-0E9E-452A-89E6-6BA2F21D5CAC}") = "ToguisArquitech", "ToguisArquitech\ToguisArquitech.modelproj", "{2D35B3B7-341E-4151-9AB0-A63895158C73}"
EndProject
Global
	GlobalSection(SolutionConfigurationPlatforms) = preSolution
		Debug|Any CPU = Debug|Any CPU
		Release|Any CPU = Release|Any CPU
	EndGlobalSection
	GlobalSection(ProjectConfigurationPlatforms) = postSolution
		{46C8C269-9B2D-444E-AA0C-3E33AC0202BB}.Debug|Any CPU.ActiveCfg = Debug|Any CPU
		{46C8C269-9B2D-444E-AA0C-3E33AC0202BB}.Debug|Any CPU.Build.0 = Debug|Any CPU
		{46C8C269-9B2D-444E-AA0C-3E33AC0202BB}.Release|Any CPU.ActiveCfg = Release|Any CPU
		{46C8C269-9B2D-444E-AA0C-3E33AC0202BB}.Release|Any CPU.Build.0 = Release|Any CPU
		{FE677E8B-B8F1-4A92-9EE7-7F31A0F60E5D}.Debug|Any CPU.ActiveCfg = Debug|Any CPU
		{FE677E8B-B8F1-4A92-9EE7-7F31A0F60E5D}.Debug|Any CPU.Build.0 = Debug|Any CPU
		{FE677E8B-B8F1-4A92-9EE7-7F31A0F60E5D}.Release|Any CPU.ActiveCfg = Release|Any CPU
		{FE677E8B-B8F1-4A92-9EE7-7F31A0F60E5D}.Release|Any CPU.Build.0 = Release|Any CPU
		{21DB6215-6D3E-4FF8-8F00-FA7A9E3ABA06}.Debug|Any CPU.ActiveCfg = Debug|Any CPU
		{21DB6215-6D3E-4FF8-8F00-FA7A9E3ABA06}.Debug|Any CPU.Build.0 = Debug|Any CPU
		{21DB6215-6D3E-4FF8-8F00-FA7A9E3ABA06}.Release|Any CPU.ActiveCfg = Release|Any CPU
		{21DB6215-6D3E-4FF8-8F00-FA7A9E3ABA06}.Release|Any CPU.Build.0 = Release|Any CPU
		{379DC233-735A-4E53-9E77-4D1943BDC109}.Debug|Any CPU.ActiveCfg = Debug|Any CPU
		{379DC233-735A-4E53-9E77-4D1943BDC109}.Debug|Any CPU.Build.0 = Debug|Any CPU
		{379DC233-735A-4E53-9E77-4D1943BDC109}.Release|Any CPU.ActiveCfg = Release|Any CPU
		{379DC233-735A-4E53-9E77-4D1943BDC109}.Release|Any CPU.Build.0 = Release|Any CPU
		{B3CF2DC6-5BF7-42FE-8A3A-53D719E1A881}.Debug|Any CPU.ActiveCfg = Debug|Any CPU
		{B3CF2DC6-5BF7-42FE-8A3A-53D719E1A881}.Debug|Any CPU.Build.0 = Debug|Any CPU
		{B3CF2DC6-5BF7-42FE-8A3A-53D719E1A881}.Release|Any CPU.ActiveCfg = Release|Any CPU
		{B3CF2DC6-5BF7-42FE-8A3A-53D719E1A881}.Release|Any CPU.Build.0 = Release|Any CPU
		{2D35B3B7-341E-4151-9AB0-A63895158C73}.Debug|Any CPU.ActiveCfg = Debug|Any CPU
		{2D35B3B7-341E-4151-9AB0-A63895158C73}.Debug|Any CPU.Build.0 = Debug|Any CPU
		{2D35B3B7-341E-4151-9AB0-A63895158C73}.Release|Any CPU.ActiveCfg = Release|Any CPU
		{2D35B3B7-341E-4151-9AB0-A63895158C73}.Release|Any CPU.Build.0 = Release|Any CPU
	EndGlobalSection
	GlobalSection(SolutionProperties) = preSolution
		HideSolutionNode = FALSE
	EndGlobalSection
EndGlobal
